
Microsoft Visual Studio Solution File, Format Version 12.00
# Visual Studio 2013
VisualStudioVersion = 12.0.40629.0
MinimumVisualStudioVersion = 10.0.40219.1
Project("{FAE04EC0-301F-11D3-BF4B-00C04F79EFBC}") = "KeyVaultDemo", "KeyVaultDemo\KeyVaultDemo.csproj", "{A637AF76-26A9-4681-8A7A-5707D8C3458D}"
	ProjectSection(ProjectDependencies) = postProject
		{17A3076A-43F3-4523-9B7A-A35130759B23} = {17A3076A-43F3-4523-9B7A-A35130759B23}
	EndProjectSection
EndProject
Project("{FAE04EC0-301F-11D3-BF4B-00C04F79EFBC}") = "KVPOC", "..\KVPOC\KVPOC\KVPOC.csproj", "{17A3076A-43F3-4523-9B7A-A35130759B23}"
EndProject
Project("{2150E333-8FDC-42A3-9474-1A3956D46DE8}") = ".nuget", ".nuget", "{642C009D-740D-40AB-A6BC-AD151ED8DE27}"
	ProjectSection(SolutionItems) = preProject
		.nuget\NuGet.Config = .nuget\NuGet.Config
		.nuget\NuGet.exe = .nuget\NuGet.exe
		.nuget\NuGet.targets = .nuget\NuGet.targets
	EndProjectSection
EndProject
Global
	GlobalSection(SolutionConfigurationPlatforms) = preSolution
		Debug|Any CPU = Debug|Any CPU
		Release|Any CPU = Release|Any CPU
	EndGlobalSection
	GlobalSection(ProjectConfigurationPlatforms) = postSolution
		{A637AF76-26A9-4681-8A7A-5707D8C3458D}.Debug|Any CPU.ActiveCfg = Debug|Any CPU
		{A637AF76-26A9-4681-8A7A-5707D8C3458D}.Debug|Any CPU.Build.0 = Debug|Any CPU
		{A637AF76-26A9-4681-8A7A-5707D8C3458D}.Release|Any CPU.ActiveCfg = Release|Any CPU
		{A637AF76-26A9-4681-8A7A-5707D8C3458D}.Release|Any CPU.Build.0 = Release|Any CPU
		{17A3076A-43F3-4523-9B7A-A35130759B23}.Debug|Any CPU.ActiveCfg = Debug|Any CPU
		{17A3076A-43F3-4523-9B7A-A35130759B23}.Debug|Any CPU.Build.0 = Debug|Any CPU
		{17A3076A-43F3-4523-9B7A-A35130759B23}.Release|Any CPU.ActiveCfg = Release|Any CPU
		{17A3076A-43F3-4523-9B7A-A35130759B23}.Release|Any CPU.Build.0 = Release|Any CPU
	EndGlobalSection
	GlobalSection(SolutionProperties) = preSolution
		HideSolutionNode = FALSE
	EndGlobalSection
EndGlobal
